# This file is generated by running "yarn install" inside your project.
# Manual changes might be lost - proceed with caution!

__metadata:
  version: 6
  cacheKey: 8

"@types/jquery@npm:*, @types/jquery@npm:^3.5.14":
  version: 3.5.14
  resolution: "@types/jquery@npm:3.5.14"
  dependencies:
    "@types/sizzle": "*"
  checksum: 159d6f804ed1a204b3f79f2d591a271d82e866bd45bd49fb6ef40561a25dbe0f47ec7815681b44cc2db5598425f72811e7e80ab0e983d980470998ac56feb375
  languageName: node
  linkType: hard

"@types/jqueryui@npm:^1.12.16":
  version: 1.12.16
  resolution: "@types/jqueryui@npm:1.12.16"
  dependencies:
    "@types/jquery": "*"
  checksum: a39a2b5c26a2b1341f50af49957b17a36423bdd6300c2a9188b1adc0d263f3e31255e8f2f77ffd59f750ede6cc713c84c9c88cdc6d43fa7d88949a40679f8a5e
  languageName: node
  linkType: hard

"@types/sizzle@npm:*":
  version: 2.3.3
  resolution: "@types/sizzle@npm:2.3.3"
  checksum: 586a9fb1f6ff3e325e0f2cc1596a460615f0bc8a28f6e276ac9b509401039dd242fa8b34496d3a30c52f5b495873922d09a9e76c50c2ab2bcc70ba3fb9c4e160
  languageName: node
  linkType: hard

"dash98@workspace:.":
  version: 0.0.0-use.local
  resolution: "dash98@workspace:."
  dependencies:
    "@types/jquery": ^3.5.14
    "@types/jqueryui": ^1.12.16
    jquery: ^3.6.0
    jquery-ui: ^1.13.1
    typescript: ^4.6.3
  languageName: unknown
  linkType: soft

"jquery-ui@npm:^1.13.1":
  version: 1.13.1
  resolution: "jquery-ui@npm:1.13.1"
  dependencies:
    jquery: ">=1.8.0 <4.0.0"
  checksum: 5eba4be23cad9a173b222a1a28c5126416209b3923ec5f0f83d85aaab385d567a23f3a399889b0f83dedfe13fafa55d32dc4deb9a13aa138cbca9a1b863fe4a1
  languageName: node
  linkType: hard

"jquery@npm:>=1.8.0 <4.0.0, jquery@npm:^3.6.0":
  version: 3.6.0
  resolution: "jquery@npm:3.6.0"
  checksum: 8fd5fef4aa48fd374ec716dd1c1df1af407814a228e15c1260ca140de3a697c2a77c30c54ff1d238b6a3ab4ddc445ddeef9adce6c6d28e4869d85eb9d3951c0e
  languageName: node
  linkType: hard

"typescript@npm:^4.6.3":
  version: 4.6.3
  resolution: "typescript@npm:4.6.3"
  bin:
    tsc: bin/tsc
    tsserver: bin/tsserver
  checksum: 255bb26c8cb846ca689dd1c3a56587af4f69055907aa2c154796ea28ee0dea871535b1c78f85a6212c77f2657843a269c3a742d09d81495b97b914bf7920415b
  languageName: node
  linkType: hard

"typescript@patch:typescript@^4.6.3#~builtin<compat/typescript>":
  version: 4.6.3
  resolution: "typescript@patch:typescript@npm%3A4.6.3#~builtin<compat/typescript>::version=4.6.3&hash=bda367"
  bin:
    tsc: bin/tsc
    tsserver: bin/tsserver
  checksum: 6bf45caf847062420592e711bc9c28bf5f9a9a7fa8245343b81493e4ededae33f1774009d1234d911422d1646a2c839f44e1a23ecb111b40a60ac2ea4c1482a8
  languageName: node
  linkType: hard
